
Microsoft Visual Studio Solution File, Format Version 12.00
# Visual Studio 14
VisualStudioVersion = 14.0.25420.1
MinimumVisualStudioVersion = 10.0.40219.1
Project("{8BC9CEB8-8B4A-11D0-8D11-00A0C91BC942}") = "GasProject Client", "GasProject Client\GasProject Client.vcxproj", "{8A227764-8BA1-4007-AF4F-B66AA5B36445}"
EndProject
Project("{8BC9CEB8-8B4A-11D0-8D11-00A0C91BC942}") = "GasProject Server", "GasProject Server\GasProject Server.vcxproj", "{D678DA42-ECAA-4A64-99BE-8C7971DAE941}"
EndProject
Project("{2150E333-8FDC-42A3-9474-1A3956D46DE8}") = "CommonRes", "CommonRes", "{BC31589D-AB3F-48B9-AB60-D04FE9E85922}"
EndProject
Project("{2150E333-8FDC-42A3-9474-1A3956D46DE8}") = "include", "include", "{182657A6-B283-4D8F-AABE-5DF2BE2A6286}"
	ProjectSection(SolutionItems) = preProject
		CommonRes\include\command.hpp = CommonRes\include\command.hpp
		CommonRes\include\net_const.hpp = CommonRes\include\net_const.hpp
		CommonRes\include\useful.hpp = CommonRes\include\useful.hpp
	EndProjectSection
EndProject
Global
	GlobalSection(SolutionConfigurationPlatforms) = preSolution
		Debug|x64 = Debug|x64
		Debug|x86 = Debug|x86
		Release|x64 = Release|x64
		Release|x86 = Release|x86
	EndGlobalSection
	GlobalSection(ProjectConfigurationPlatforms) = postSolution
		{8A227764-8BA1-4007-AF4F-B66AA5B36445}.Debug|x64.ActiveCfg = Debug|x64
		{8A227764-8BA1-4007-AF4F-B66AA5B36445}.Debug|x64.Build.0 = Debug|x64
		{8A227764-8BA1-4007-AF4F-B66AA5B36445}.Debug|x86.ActiveCfg = Debug|Win32
		{8A227764-8BA1-4007-AF4F-B66AA5B36445}.Debug|x86.Build.0 = Debug|Win32
		{8A227764-8BA1-4007-AF4F-B66AA5B36445}.Release|x64.ActiveCfg = Release|x64
		{8A227764-8BA1-4007-AF4F-B66AA5B36445}.Release|x64.Build.0 = Release|x64
		{8A227764-8BA1-4007-AF4F-B66AA5B36445}.Release|x86.ActiveCfg = Release|Win32
		{8A227764-8BA1-4007-AF4F-B66AA5B36445}.Release|x86.Build.0 = Release|Win32
		{D678DA42-ECAA-4A64-99BE-8C7971DAE941}.Debug|x64.ActiveCfg = Debug|x64
		{D678DA42-ECAA-4A64-99BE-8C7971DAE941}.Debug|x64.Build.0 = Debug|x64
		{D678DA42-ECAA-4A64-99BE-8C7971DAE941}.Debug|x86.ActiveCfg = Debug|Win32
		{D678DA42-ECAA-4A64-99BE-8C7971DAE941}.Debug|x86.Build.0 = Debug|Win32
		{D678DA42-ECAA-4A64-99BE-8C7971DAE941}.Release|x64.ActiveCfg = Release|x64
		{D678DA42-ECAA-4A64-99BE-8C7971DAE941}.Release|x64.Build.0 = Release|x64
		{D678DA42-ECAA-4A64-99BE-8C7971DAE941}.Release|x86.ActiveCfg = Release|Win32
		{D678DA42-ECAA-4A64-99BE-8C7971DAE941}.Release|x86.Build.0 = Release|Win32
	EndGlobalSection
	GlobalSection(SolutionProperties) = preSolution
		HideSolutionNode = FALSE
	EndGlobalSection
	GlobalSection(NestedProjects) = preSolution
		{182657A6-B283-4D8F-AABE-5DF2BE2A6286} = {BC31589D-AB3F-48B9-AB60-D04FE9E85922}
	EndGlobalSection
EndGlobal
