<?xml version="1.0" encoding="utf-8"?>
<Project ToolsVersion="4.0" xmlns="http://schemas.microsoft.com/developer/msbuild/2003">
  <ItemGroup>
    <Filter Include="Файлы исходного кода">
      <UniqueIdentifier>{4FC737F1-C7A5-4376-A066-2A32D752A2FF}</UniqueIdentifier>
      <Extensions>cpp;c;cc;cxx;def;odl;idl;hpj;bat;asm;asmx</Extensions>
    </Filter>
    <Filter Include="Заголовочные файлы">
      <UniqueIdentifier>{93995380-89BD-4b04-88EB-625FBE52EBFB}</UniqueIdentifier>
      <Extensions>h;hh;hpp;hxx;hm;inl;inc;xsd</Extensions>
    </Filter>
    <Filter Include="Файлы ресурсов">
      <UniqueIdentifier>{67DA6AB6-F800-4c08-8B7A-83BB121AAD01}</UniqueIdentifier>
      <Extensions>rc;ico;cur;bmp;dlg;rc2;rct;bin;rgs;gif;jpg;jpeg;jpe;resx;tiff;tif;png;wav;mfcribbon-ms</Extensions>
    </Filter>
  </ItemGroup>
  <ItemGroup>
    <ClCompile Include="Sources\Database\UsersDB.cpp">
      <Filter>Файлы исходного кода</Filter>
    </ClCompile>
    <ClCompile Include="Sources\Network\NetworkController.cpp">
      <Filter>Файлы исходного кода</Filter>
    </ClCompile>
    <ClCompile Include="Sources\Resources\ResourceManager.cpp">
      <Filter>Файлы исходного кода</Filter>
    </ClCompile>
    <ClCompile Include="Sources\World\Atmos\Atmos.cpp">
      <Filter>Файлы исходного кода</Filter>
    </ClCompile>
    <ClCompile Include="Sources\World\Atmos\Locale.cpp">
      <Filter>Файлы исходного кода</Filter>
    </ClCompile>
    <ClCompile Include="Sources\World\Objects\Component.cpp">
      <Filter>Файлы исходного кода</Filter>
    </ClCompile>
    <ClCompile Include="Sources\World\Objects\Control.cpp">
      <Filter>Файлы исходного кода</Filter>
    </ClCompile>
    <ClCompile Include="Sources\World\Objects\Object.cpp">
      <Filter>Файлы исходного кода</Filter>
    </ClCompile>
    <ClCompile Include="Sources\World\Objects\ObjectHolder.cpp">
      <Filter>Файлы исходного кода</Filter>
    </ClCompile>
    <ClCompile Include="Sources\World\Map.cpp">
      <Filter>Файлы исходного кода</Filter>
    </ClCompile>
    <ClCompile Include="Sources\World\Tile.cpp">
      <Filter>Файлы исходного кода</Filter>
    </ClCompile>
    <ClCompile Include="Sources\World\World.cpp">
      <Filter>Файлы исходного кода</Filter>
    </ClCompile>
    <ClCompile Include="Sources\Server.cpp">
      <Filter>Файлы исходного кода</Filter>
    </ClCompile>
    <ClCompile Include="Sources\World\Camera\Camera.cpp">
      <Filter>Файлы исходного кода</Filter>
    </ClCompile>
    <ClCompile Include="Sources\World\Atmos\AtmosCameraOverlay.cpp">
      <Filter>Файлы исходного кода</Filter>
    </ClCompile>
    <ClCompile Include="Sources\ClientUI\WelcomeWindowSink.cpp">
      <Filter>Файлы исходного кода</Filter>
    </ClCompile>
    <ClCompile Include="Sources\ClientUI\WindowSink.cpp">
      <Filter>Файлы исходного кода</Filter>
    </ClCompile>
    <ClCompile Include="Sources\World\Atmos\AtmosOverlayWindowSink.cpp">
      <Filter>Файлы исходного кода</Filter>
    </ClCompile>
    <ClCompile Include="Sources\Game.cpp">
      <Filter>Файлы исходного кода</Filter>
    </ClCompile>
    <ClCompile Include="Sources\ScriptEngine\ScriptEngine.cpp">
      <Filter>Файлы исходного кода</Filter>
    </ClCompile>
    <ClCompile Include="Sources\World\Objects\CreateObject.cpp">
      <Filter>Файлы исходного кода</Filter>
    </ClCompile>
    <ClCompile Include="Sources\VerbsHolder.cpp">
      <Filter>Файлы исходного кода</Filter>
    </ClCompile>
    <ClCompile Include="Sources\DelayedActivitiesManager.cpp">
      <Filter>Файлы исходного кода</Filter>
    </ClCompile>
    <ClCompile Include="Sources\World\Objects\ControlUI.cpp">
      <Filter>Файлы исходного кода</Filter>
    </ClCompile>
    <ClCompile Include="Sources\ScriptEngine\Module\GeometryModule.cpp">
      <Filter>Файлы исходного кода</Filter>
    </ClCompile>
    <ClCompile Include="Sources\ScriptEngine\Module\WorldModule.cpp">
      <Filter>Файлы исходного кода</Filter>
    </ClCompile>
    <ClCompile Include="Sources\ScriptEngine\Module\ServerModule.cpp">
      <Filter>Файлы исходного кода</Filter>
    </ClCompile>
    <ClCompile Include="Sources\ScriptEngine\ObjectType.cpp">
      <Filter>Файлы исходного кода</Filter>
    </ClCompile>
    <ClCompile Include="Sources\Player\PlayerCommandsProcessor.cpp">
      <Filter>Файлы исходного кода</Filter>
    </ClCompile>
    <ClCompile Include="Sources\Player.cpp">
      <Filter>Файлы исходного кода</Filter>
    </ClCompile>
  </ItemGroup>
  <ItemGroup>
    <ClInclude Include="Sources\Database\UsersDB.hpp">
      <Filter>Заголовочные файлы</Filter>
    </ClInclude>
    <ClInclude Include="Sources\Network\Connection.hpp">
      <Filter>Заголовочные файлы</Filter>
    </ClInclude>
    <ClInclude Include="Sources\Network\NetworkController.hpp">
      <Filter>Заголовочные файлы</Filter>
    </ClInclude>
    <ClInclude Include="Sources\Resources\IconInfo.h">
      <Filter>Заголовочные файлы</Filter>
    </ClInclude>
    <ClInclude Include="Sources\Resources\ResourceManager.hpp">
      <Filter>Заголовочные файлы</Filter>
    </ClInclude>
    <ClInclude Include="Sources\World\Atmos\Atmos.hpp">
      <Filter>Заголовочные файлы</Filter>
    </ClInclude>
    <ClInclude Include="Sources\World\Atmos\Gases.hpp">
      <Filter>Заголовочные файлы</Filter>
    </ClInclude>
    <ClInclude Include="Sources\World\Atmos\Locale.hpp">
      <Filter>Заголовочные файлы</Filter>
    </ClInclude>
    <ClInclude Include="Sources\World\Objects\Component.hpp">
      <Filter>Заголовочные файлы</Filter>
    </ClInclude>
    <ClInclude Include="Sources\World\Objects\Control.hpp">
      <Filter>Заголовочные файлы</Filter>
    </ClInclude>
    <ClInclude Include="Sources\World\Objects\Object.hpp">
      <Filter>Заголовочные файлы</Filter>
    </ClInclude>
    <ClInclude Include="Sources\World\Objects\ObjectHolder.h">
      <Filter>Заголовочные файлы</Filter>
    </ClInclude>
    <ClInclude Include="Sources\World\Block.hpp">
      <Filter>Заголовочные файлы</Filter>
    </ClInclude>
    <ClInclude Include="Sources\World\Map.hpp">
      <Filter>Заголовочные файлы</Filter>
    </ClInclude>
    <ClInclude Include="Sources\World\Objects.hpp">
      <Filter>Заголовочные файлы</Filter>
    </ClInclude>
    <ClInclude Include="Sources\World\Tile.hpp">
      <Filter>Заголовочные файлы</Filter>
    </ClInclude>
    <ClInclude Include="Sources\World\World.hpp">
      <Filter>Заголовочные файлы</Filter>
    </ClInclude>
    <ClInclude Include="Sources\Global.hpp">
      <Filter>Заголовочные файлы</Filter>
    </ClInclude>
    <ClInclude Include="Sources\Server.hpp">
      <Filter>Заголовочные файлы</Filter>
    </ClInclude>
    <ClInclude Include="Sources\World\Camera\Camera.hpp">
      <Filter>Заголовочные файлы</Filter>
    </ClInclude>
    <ClInclude Include="Sources\World\Camera\ICameraOverlay.h">
      <Filter>Заголовочные файлы</Filter>
    </ClInclude>
    <ClInclude Include="Sources\World\Atmos\AtmosCameraOverlay.h">
      <Filter>Заголовочные файлы</Filter>
    </ClInclude>
    <ClInclude Include="Sources\ClientUI\WelcomeWindowSink.h">
      <Filter>Заголовочные файлы</Filter>
    </ClInclude>
    <ClInclude Include="Sources\ClientUI\WindowSink.h">
      <Filter>Заголовочные файлы</Filter>
    </ClInclude>
    <ClInclude Include="Sources\VerbsHolder.h">
      <Filter>Заголовочные файлы</Filter>
    </ClInclude>
    <ClInclude Include="Sources\World\Atmos\AtmosOverlayWindowSink.h">
      <Filter>Заголовочные файлы</Filter>
    </ClInclude>
    <ClInclude Include="Sources\Game.h">
      <Filter>Заголовочные файлы</Filter>
    </ClInclude>
    <ClInclude Include="Sources\Chat.h">
      <Filter>Заголовочные файлы</Filter>
    </ClInclude>
    <ClInclude Include="Include\IServer.h">
      <Filter>Заголовочные файлы</Filter>
    </ClInclude>
    <ClInclude Include="Include\IGame.h">
      <Filter>Заголовочные файлы</Filter>
    </ClInclude>
    <ClInclude Include="Sources\ScriptEngine\Trampoline\PyObject.h">
      <Filter>Заголовочные файлы</Filter>
    </ClInclude>
    <ClInclude Include="Sources\ScriptEngine\ScriptEngine.h">
      <Filter>Заголовочные файлы</Filter>
    </ClInclude>
    <ClInclude Include="Include\IScriptEngine.h">
      <Filter>Заголовочные файлы</Filter>
    </ClInclude>
    <ClInclude Include="Sources\ScriptEngine\Trampoline\PyComponent.h">
      <Filter>Заголовочные файлы</Filter>
    </ClInclude>
    <ClInclude Include="Include\IVerbsHolder.h">
      <Filter>Заголовочные файлы</Filter>
    </ClInclude>
    <ClInclude Include="Sources\World\Objects\CreateObject.h">
      <Filter>Заголовочные файлы</Filter>
    </ClInclude>
    <ClInclude Include="Sources\DelayedActivitiesManager.h">
      <Filter>Заголовочные файлы</Filter>
    </ClInclude>
    <ClInclude Include="Sources\World\Objects\ControlUI.h">
      <Filter>Заголовочные файлы</Filter>
    </ClInclude>
    <ClInclude Include="Sources\ScriptEngine\ObjectType.h">
      <Filter>Заголовочные файлы</Filter>
    </ClInclude>
    <ClInclude Include="Sources\Player\PlayerCommandsProcessor.h">
      <Filter>Заголовочные файлы</Filter>
    </ClInclude>
    <ClInclude Include="Sources\Player.hpp">
      <Filter>Заголовочные файлы</Filter>
    </ClInclude>
  </ItemGroup>
</Project>