
Microsoft Visual Studio Solution File, Format Version 12.00
# Visual Studio 15
VisualStudioVersion = 15.0.26730.3
MinimumVisualStudioVersion = 10.0.40219.1
Project("{8BC9CEB8-8B4A-11D0-8D11-00A0C91BC942}") = "GasProject Client", "GasProject Client\GasProject Client.vcxproj", "{8A227764-8BA1-4007-AF4F-B66AA5B36445}"
	ProjectSection(ProjectDependencies) = postProject
		{7434416A-7972-4353-AF2F-709A7ECA887B} = {7434416A-7972-4353-AF2F-709A7ECA887B}
	EndProjectSection
EndProject
Project("{8BC9CEB8-8B4A-11D0-8D11-00A0C91BC942}") = "GasProject Server", "GasProject Server\GasProject Server.vcxproj", "{D678DA42-ECAA-4A64-99BE-8C7971DAE941}"
	ProjectSection(ProjectDependencies) = postProject
		{7434416A-7972-4353-AF2F-709A7ECA887B} = {7434416A-7972-4353-AF2F-709A7ECA887B}
	EndProjectSection
EndProject
Project("{8BC9CEB8-8B4A-11D0-8D11-00A0C91BC942}") = "SharedLibrary", "SharedLibrary\SharedLibrary.vcxproj", "{7434416A-7972-4353-AF2F-709A7ECA887B}"
EndProject
Global
	GlobalSection(SolutionConfigurationPlatforms) = preSolution
		Debug|x64 = Debug|x64
		Debug|x86 = Debug|x86
		Release|x64 = Release|x64
		Release|x86 = Release|x86
	EndGlobalSection
	GlobalSection(ProjectConfigurationPlatforms) = postSolution
		{8A227764-8BA1-4007-AF4F-B66AA5B36445}.Debug|x64.ActiveCfg = Debug|x64
		{8A227764-8BA1-4007-AF4F-B66AA5B36445}.Debug|x64.Build.0 = Debug|x64
		{8A227764-8BA1-4007-AF4F-B66AA5B36445}.Debug|x86.ActiveCfg = Debug|Win32
		{8A227764-8BA1-4007-AF4F-B66AA5B36445}.Debug|x86.Build.0 = Debug|Win32
		{8A227764-8BA1-4007-AF4F-B66AA5B36445}.Release|x64.ActiveCfg = Release|x64
		{8A227764-8BA1-4007-AF4F-B66AA5B36445}.Release|x64.Build.0 = Release|x64
		{8A227764-8BA1-4007-AF4F-B66AA5B36445}.Release|x86.ActiveCfg = Release|Win32
		{8A227764-8BA1-4007-AF4F-B66AA5B36445}.Release|x86.Build.0 = Release|Win32
		{D678DA42-ECAA-4A64-99BE-8C7971DAE941}.Debug|x64.ActiveCfg = Debug|x64
		{D678DA42-ECAA-4A64-99BE-8C7971DAE941}.Debug|x64.Build.0 = Debug|x64
		{D678DA42-ECAA-4A64-99BE-8C7971DAE941}.Debug|x86.ActiveCfg = Debug|Win32
		{D678DA42-ECAA-4A64-99BE-8C7971DAE941}.Debug|x86.Build.0 = Debug|Win32
		{D678DA42-ECAA-4A64-99BE-8C7971DAE941}.Release|x64.ActiveCfg = Release|x64
		{D678DA42-ECAA-4A64-99BE-8C7971DAE941}.Release|x64.Build.0 = Release|x64
		{D678DA42-ECAA-4A64-99BE-8C7971DAE941}.Release|x86.ActiveCfg = Release|Win32
		{D678DA42-ECAA-4A64-99BE-8C7971DAE941}.Release|x86.Build.0 = Release|Win32
		{7434416A-7972-4353-AF2F-709A7ECA887B}.Debug|x64.ActiveCfg = Debug|x64
		{7434416A-7972-4353-AF2F-709A7ECA887B}.Debug|x64.Build.0 = Debug|x64
		{7434416A-7972-4353-AF2F-709A7ECA887B}.Debug|x86.ActiveCfg = Debug|Win32
		{7434416A-7972-4353-AF2F-709A7ECA887B}.Debug|x86.Build.0 = Debug|Win32
		{7434416A-7972-4353-AF2F-709A7ECA887B}.Release|x64.ActiveCfg = Release|x64
		{7434416A-7972-4353-AF2F-709A7ECA887B}.Release|x64.Build.0 = Release|x64
		{7434416A-7972-4353-AF2F-709A7ECA887B}.Release|x86.ActiveCfg = Release|Win32
		{7434416A-7972-4353-AF2F-709A7ECA887B}.Release|x86.Build.0 = Release|Win32
	EndGlobalSection
	GlobalSection(SolutionProperties) = preSolution
		HideSolutionNode = FALSE
	EndGlobalSection
	GlobalSection(ExtensibilityGlobals) = postSolution
		SolutionGuid = {CBAFB5DE-8EE7-4083-B8E7-13B717AE022D}
	EndGlobalSection
EndGlobal
